// !$*UTF8*$!
{
	archiveVersion = 1;
	classes = {
	};
	objectVersion = 46;
	objects = {

/* Begin PBXBuildFile section */
		3FC2E4EB1A6C2988009BDFDC /* AppDelegate.swift in Sources */ = {isa = PBXBuildFile; fileRef = 3FC2E4EA1A6C2988009BDFDC /* AppDelegate.swift */; };
		3FC2E4ED1A6C2988009BDFDC /* ViewController.swift in Sources */ = {isa = PBXBuildFile; fileRef = 3FC2E4EC1A6C2988009BDFDC /* ViewController.swift */; };
		3FC2E4F01A6C2988009BDFDC /* Main.storyboard in Resources */ = {isa = PBXBuildFile; fileRef = 3FC2E4EE1A6C2988009BDFDC /* Main.storyboard */; };
		3FC2E4F21A6C2988009BDFDC /* Images.xcassets in Resources */ = {isa = PBXBuildFile; fileRef = 3FC2E4F11A6C2988009BDFDC /* Images.xcassets */; };
		3FC2E4F51A6C2988009BDFDC /* LaunchScreen.xib in Resources */ = {isa = PBXBuildFile; fileRef = 3FC2E4F31A6C2988009BDFDC /* LaunchScreen.xib */; };
		3FC2E5011A6C2988009BDFDC /* GestureTutorialTests.swift in Sources */ = {isa = PBXBuildFile; fileRef = 3FC2E5001A6C2988009BDFDC /* GestureTutorialTests.swift */; };
/* End PBXBuildFile section */

/* Begin PBXContainerItemProxy section */
		3FC2E4FB1A6C2988009BDFDC /* PBXContainerItemProxy */ = {
			isa = PBXContainerItemProxy;
			containerPortal = 3FC2E4DD1A6C2988009BDFDC /* Project object */;
			proxyType = 1;
			remoteGlobalIDString = 3FC2E4E41A6C2988009BDFDC;
			remoteInfo = GestureTutorial;
		};
/* End PBXContainerItemProxy section */

/* Begin PBXFileReference section */
		3FC2E4E51A6C2988009BDFDC /* GestureTutorial.app */ = {isa = PBXFileReference; explicitFileType = wrapper.application; includeInIndex = 0; path = GestureTutorial.app; sourceTree = BUILT_PRODUCTS_DIR; };
		3FC2E4E91A6C2988009BDFDC /* Info.plist */ = {isa = PBXFileReference; lastKnownFileType = text.plist.xml; path = Info.plist; sourceTree = "<group>"; };
		3FC2E4EA1A6C2988009BDFDC /* AppDelegate.swift */ = {isa = PBXFileReference; lastKnownFileType = sourcecode.swift; path = AppDelegate.swift; sourceTree = "<group>"; };
		3FC2E4EC1A6C2988009BDFDC /* ViewController.swift */ = {isa = PBXFileReference; lastKnownFileType = sourcecode.swift; path = ViewController.swift; sourceTree = "<group>"; };
		3FC2E4EF1A6C2988009BDFDC /* Base */ = {isa = PBXFileReference; lastKnownFileType = file.storyboard; name = Base; path = Base.lproj/Main.storyboard; sourceTree = "<group>"; };
		3FC2E4F11A6C2988009BDFDC /* Images.xcassets */ = {isa = PBXFileReference; lastKnownFileType = folder.assetcatalog; path = Images.xcassets; sourceTree = "<group>"; };
		3FC2E4F41A6C2988009BDFDC /* Base */ = {isa = PBXFileReference; lastKnownFileType = file.xib; name = Base; path = Base.lproj/LaunchScreen.xib; sourceTree = "<group>"; };
		3FC2E4FA1A6C2988009BDFDC /* GestureTutorialTests.xctest */ = {isa = PBXFileReference; explicitFileType = wrapper.cfbundle; includeInIndex = 0; path = GestureTutorialTests.xctest; sourceTree = BUILT_PRODUCTS_DIR; };
		3FC2E4FF1A6C2988009BDFDC /* Info.plist */ = {isa = PBXFileReference; lastKnownFileType = text.plist.xml; path = Info.plist; sourceTree = "<group>"; };
		3FC2E5001A6C2988009BDFDC /* GestureTutorialTests.swift */ = {isa = PBXFileReference; lastKnownFileType = sourcecode.swift; path = GestureTutorialTests.swift; sourceTree = "<group>"; };
/* End PBXFileReference section */

/* Begin PBXFrameworksBuildPhase section */
		3FC2E4E21A6C2988009BDFDC /* Frameworks */ = {
			isa = PBXFrameworksBuildPhase;
			buildActionMask = 2147483647;
			files = (
			);
			runOnlyForDeploymentPostprocessing = 0;
		};
		3FC2E4F71A6C2988009BDFDC /* Frameworks */ = {
			isa = PBXFrameworksBuildPhase;
			buildActionMask = 2147483647;
			files = (
			);
			runOnlyForDeploymentPostprocessing = 0;
		};
/* End PBXFrameworksBuildPhase section */

/* Begin PBXGroup section */
		3FC2E4DC1A6C2988009BDFDC = {
			isa = PBXGroup;
			children = (
				3FC2E4E71A6C2988009BDFDC /* GestureTutorial */,
				3FC2E4FD1A6C2988009BDFDC /* GestureTutorialTests */,
				3FC2E4E61A6C2988009BDFDC /* Products */,
			);
			sourceTree = "<group>";
		};
		3FC2E4E61A6C2988009BDFDC /* Products */ = {
			isa = PBXGroup;
			children = (
				3FC2E4E51A6C2988009BDFDC /* GestureTutorial.app */,
				3FC2E4FA1A6C2988009BDFDC /* GestureTutorialTests.xctest */,
			);
			name = Products;
			sourceTree = "<group>";
		};
		3FC2E4E71A6C2988009BDFDC /* GestureTutorial */ = {
			isa = PBXGroup;
			children = (
				3FC2E4EA1A6C2988009BDFDC /* AppDelegate.swift */,
				3FC2E4EC1A6C2988009BDFDC /* ViewController.swift */,
				3FC2E4EE1A6C2988009BDFDC /* Main.storyboard */,
				3FC2E4F11A6C2988009BDFDC /* Images.xcassets */,
				3FC2E4F31A6C2988009BDFDC /* LaunchScreen.xib */,
				3FC2E4E81A6C2988009BDFDC /* Supporting Files */,
			);
			path = GestureTutorial;
			sourceTree = "<group>";
		};
		3FC2E4E81A6C2988009BDFDC /* Supporting Files */ = {
			isa = PBXGroup;
			children = (
				3FC2E4E91A6C2988009BDFDC /* Info.plist */,
			);
			name = "Supporting Files";
			sourceTree = "<group>";
		};
		3FC2E4FD1A6C2988009BDFDC /* GestureTutorialTests */ = {
			isa = PBXGroup;
			children = (
				3FC2E5001A6C2988009BDFDC /* GestureTutorialTests.swift */,
				3FC2E4FE1A6C2988009BDFDC /* Supporting Files */,
			);
			path = GestureTutorialTests;
			sourceTree = "<group>";
		};
		3FC2E4FE1A6C2988009BDFDC /* Supporting Files */ = {
			isa = PBXGroup;
			children = (
				3FC2E4FF1A6C2988009BDFDC /* Info.plist */,
			);
			name = "Supporting Files";
			sourceTree = "<group>";
		};
/* End PBXGroup section */

/* Begin PBXNativeTarget section */
		3FC2E4E41A6C2988009BDFDC /* GestureTutorial */ = {
			isa = PBXNativeTarget;
			buildConfigurationList = 3FC2E5041A6C2988009BDFDC /* Build configuration list for PBXNativeTarget "GestureTutorial" */;
			buildPhases = (
				3FC2E4E11A6C2988009BDFDC /* Sources */,
				3FC2E4E21A6C2988009BDFDC /* Frameworks */,
				3FC2E4E31A6C2988009BDFDC /* Resources */,
			);
			buildRules = (
			);
			dependencies = (
			);
			name = GestureTutorial;
			productName = GestureTutorial;
			productReference = 3FC2E4E51A6C2988009BDFDC /* GestureTutorial.app */;
			productType = "com.apple.product-type.application";
		};
		3FC2E4F91A6C2988009BDFDC /* GestureTutorialTests */ = {
			isa = PBXNativeTarget;
			buildConfigurationList = 3FC2E5071A6C2988009BDFDC /* Build configuration list for PBXNativeTarget "GestureTutorialTests" */;
			buildPhases = (
				3FC2E4F61A6C2988009BDFDC /* Sources */,
				3FC2E4F71A6C2988009BDFDC /* Frameworks */,
				3FC2E4F81A6C2988009BDFDC /* Resources */,
			);
			buildRules = (
			);
			dependencies = (
				3FC2E4FC1A6C2988009BDFDC /* PBXTargetDependency */,
			);
			name = GestureTutorialTests;
			productName = GestureTutorialTests;
			productReference = 3FC2E4FA1A6C2988009BDFDC /* GestureTutorialTests.xctest */;
			productType = "com.apple.product-type.bundle.unit-test";
		};
/* End PBXNativeTarget section */

/* Begin PBXProject section */
		3FC2E4DD1A6C2988009BDFDC /* Project object */ = {
			isa = PBXProject;
			attributes = {
				LastUpgradeCheck = 0620;
				ORGANIZATIONNAME = student;
				TargetAttributes = {
					3FC2E4E41A6C2988009BDFDC = {
						CreatedOnToolsVersion = 6.2;
					};
					3FC2E4F91A6C2988009BDFDC = {
						CreatedOnToolsVersion = 6.2;
						TestTargetID = 3FC2E4E41A6C2988009BDFDC;
					};
				};
			};
			buildConfigurationList = 3FC2E4E01A6C2988009BDFDC /* Build configuration list for PBXProject "GestureTutorial" */;
			compatibilityVersion = "Xcode 3.2";
			developmentRegion = English;
			hasScannedForEncodings = 0;
			knownRegions = (
				en,
				Base,
			);
			mainGroup = 3FC2E4DC1A6C2988009BDFDC;
			productRefGroup = 3FC2E4E61A6C2988009BDFDC /* Products */;
			projectDirPath = "";
			projectRoot = "";
			targets = (
				3FC2E4E41A6C2988009BDFDC /* GestureTutorial */,
				3FC2E4F91A6C2988009BDFDC /* GestureTutorialTests */,
			);
		};
/* End PBXProject section */

/* Begin PBXResourcesBuildPhase section */
		3FC2E4E31A6C2988009BDFDC /* Resources */ = {
			isa = PBXResourcesBuildPhase;
			buildActionMask = 2147483647;
			files = (
				3FC2E4F01A6C2988009BDFDC /* Main.storyboard in Resources */,
				3FC2E4F51A6C2988009BDFDC /* LaunchScreen.xib in Resources */,
				3FC2E4F21A6C2988009BDFDC /* Images.xcassets in Resources */,
			);
			runOnlyForDeploymentPostprocessing = 0;
		};
		3FC2E4F81A6C2988009BDFDC /* Resources */ = {
			isa = PBXResourcesBuildPhase;
			buildActionMask = 2147483647;
			files = (
			);
			runOnlyForDeploymentPostprocessing = 0;
		};
/* End PBXResourcesBuildPhase section */

/* Begin PBXSourcesBuildPhase section */
		3FC2E4E11A6C2988009BDFDC /* Sources */ = {
			isa = PBXSourcesBuildPhase;
			buildActionMask = 2147483647;
			files = (
				3FC2E4ED1A6C2988009BDFDC /* ViewController.swift in Sources */,
				3FC2E4EB1A6C2988009BDFDC /* AppDelegate.swift in Sources */,
			);
			runOnlyForDeploymentPostprocessing = 0;
		};
		3FC2E4F61A6C2988009BDFDC /* Sources */ = {
			isa = PBXSourcesBuildPhase;
			buildActionMask = 2147483647;
			files = (
				3FC2E5011A6C2988009BDFDC /* GestureTutorialTests.swift in Sources */,
			);
			runOnlyForDeploymentPostprocessing = 0;
		};
/* End PBXSourcesBuildPhase section */

/* Begin PBXTargetDependency section */
		3FC2E4FC1A6C2988009BDFDC /* PBXTargetDependency */ = {
			isa = PBXTargetDependency;
			target = 3FC2E4E41A6C2988009BDFDC /* GestureTutorial */;
			targetProxy = 3FC2E4FB1A6C2988009BDFDC /* PBXContainerItemProxy */;
		};
/* End PBXTargetDependency section */

/* Begin PBXVariantGroup section */
		3FC2E4EE1A6C2988009BDFDC /* Main.storyboard */ = {
			isa = PBXVariantGroup;
			children = (
				3FC2E4EF1A6C2988009BDFDC /* Base */,
			);
			name = Main.storyboard;
			sourceTree = "<group>";
		};
		3FC2E4F31A6C2988009BDFDC /* LaunchScreen.xib */ = {
			isa = PBXVariantGroup;
			children = (
				3FC2E4F41A6C2988009BDFDC /* Base */,
			);
			name = LaunchScreen.xib;
			sourceTree = "<group>";
		};
/* End PBXVariantGroup section */

/* Begin XCBuildConfiguration section */
		3FC2E5021A6C2988009BDFDC /* Debug */ = {
			isa = XCBuildConfiguration;
			buildSettings = {
				ALWAYS_SEARCH_USER_PATHS = NO;
				CLANG_CXX_LANGUAGE_STANDARD = "gnu++0x";
				CLANG_CXX_LIBRARY = "libc++";
				CLANG_ENABLE_MODULES = YES;
				CLANG_ENABLE_OBJC_ARC = YES;
				CLANG_WARN_BOOL_CONVERSION = YES;
				CLANG_WARN_CONSTANT_CONVERSION = YES;
				CLANG_WARN_DIRECT_OBJC_ISA_USAGE = YES_ERROR;
				CLANG_WARN_EMPTY_BODY = YES;
				CLANG_WARN_ENUM_CONVERSION = YES;
				CLANG_WARN_INT_CONVERSION = YES;
				CLANG_WARN_OBJC_ROOT_CLASS = YES_ERROR;
				CLANG_WARN_UNREACHABLE_CODE = YES;
				CLANG_WARN__DUPLICATE_METHOD_MATCH = YES;
				"CODE_SIGN_IDENTITY[sdk=iphoneos*]" = "iPhone Developer";
				COPY_PHASE_STRIP = NO;
				ENABLE_STRICT_OBJC_MSGSEND = YES;
				GCC_C_LANGUAGE_STANDARD = gnu99;
				GCC_DYNAMIC_NO_PIC = NO;
				GCC_OPTIMIZATION_LEVEL = 0;
				GCC_PREPROCESSOR_DEFINITIONS = (
					"DEBUG=1",
					"$(inherited)",
				);
				GCC_SYMBOLS_PRIVATE_EXTERN = NO;
				GCC_WARN_64_TO_32_BIT_CONVERSION = YES;
				GCC_WARN_ABOUT_RETURN_TYPE = YES_ERROR;
				GCC_WARN_UNDECLARED_SELECTOR = YES;
				GCC_WARN_UNINITIALIZED_AUTOS = YES_AGGRESSIVE;
				GCC_WARN_UNUSED_FUNCTION = YES;
				GCC_WARN_UNUSED_VARIABLE = YES;
				IPHONEOS_DEPLOYMENT_TARGET = 8.2;
				MTL_ENABLE_DEBUG_INFO = YES;
				ONLY_ACTIVE_ARCH = YES;
				SDKROOT = iphoneos;
				SWIFT_OPTIMIZATION_LEVEL = "-Onone";
				TARGETED_DEVICE_FAMILY = 2;
			};
			name = Debug;
		};
		3FC2E5031A6C2988009BDFDC /* Release */ = {
			isa = XCBuildConfiguration;
			buildSettings = {
				ALWAYS_SEARCH_USER_PATHS = NO;
				CLANG_CXX_LANGUAGE_STANDARD = "gnu++0x";
				CLANG_CXX_LIBRARY = "libc++";
				CLANG_ENABLE_MODULES = YES;
				CLANG_ENABLE_OBJC_ARC = YES;
				CLANG_WARN_BOOL_CONVERSION = YES;
				CLANG_WARN_CONSTANT_CONVERSION = YES;
				CLANG_WARN_DIRECT_OBJC_ISA_USAGE = YES_ERROR;
				CLANG_WARN_EMPTY_BODY = YES;
				CLANG_WARN_ENUM_CONVERSION = YES;
				CLANG_WARN_INT_CONVERSION = YES;
				CLANG_WARN_OBJC_ROOT_CLASS = YES_ERROR;
				CLANG_WARN_UNREACHABLE_CODE = YES;
				CLANG_WARN__DUPLICATE_METHOD_MATCH = YES;
				"CODE_SIGN_IDENTITY[sdk=iphoneos*]" = "iPhone Developer";
				COPY_PHASE_STRIP = NO;
				ENABLE_NS_ASSERTIONS = NO;
				ENABLE_STRICT_OBJC_MSGSEND = YES;
				GCC_C_LANGUAGE_STANDARD = gnu99;
				GCC_WARN_64_TO_32_BIT_CONVERSION = YES;
				GCC_WARN_ABOUT_RETURN_TYPE = YES_ERROR;
				GCC_WARN_UNDECLARED_SELECTOR = YES;
				GCC_WARN_UNINITIALIZED_AUTOS = YES_AGGRESSIVE;
				GCC_WARN_UNUSED_FUNCTION = YES;
				GCC_WARN_UNUSED_VARIABLE = YES;
				IPHONEOS_DEPLOYMENT_TARGET = 8.2;
				MTL_ENABLE_DEBUG_INFO = NO;
				SDKROOT = iphoneos;
				TARGETED_DEVICE_FAMILY = 2;
				VALIDATE_PRODUCT = YES;
			};
			name = Release;
		};
		3FC2E5051A6C2988009BDFDC /* Debug */ = {
			isa = XCBuildConfiguration;
			buildSettings = {
				ASSETCATALOG_COMPILER_APPICON_NAME = AppIcon;
				INFOPLIST_FILE = GestureTutorial/Info.plist;
				LD_RUNPATH_SEARCH_PATHS = "$(inherited) @executable_path/Frameworks";
				PRODUCT_NAME = "$(TARGET_NAME)";
				TARGETED_DEVICE_FAMILY = "1,2";
			};
			name = Debug;
		};
		3FC2E5061A6C2988009BDFDC /* Release */ = {
			isa = XCBuildConfiguration;
			buildSettings = {
				ASSETCATALOG_COMPILER_APPICON_NAME = AppIcon;
				INFOPLIST_FILE = GestureTutorial/Info.plist;
				LD_RUNPATH_SEARCH_PATHS = "$(inherited) @executable_path/Frameworks";
				PRODUCT_NAME = "$(TARGET_NAME)";
				TARGETED_DEVICE_FAMILY = "1,2";
			};
			name = Release;
		};
		3FC2E5081A6C2988009BDFDC /* Debug */ = {
			isa = XCBuildConfiguration;
			buildSettings = {
				BUNDLE_LOADER = "$(TEST_HOST)";
				FRAMEWORK_SEARCH_PATHS = (
					"$(SDKROOT)/Developer/Library/Frameworks",
					"$(inherited)",
				);
				GCC_PREPROCESSOR_DEFINITIONS = (
					"DEBUG=1",
					"$(inherited)",
				);
				INFOPLIST_FILE = GestureTutorialTests/Info.plist;
				LD_RUNPATH_SEARCH_PATHS = "$(inherited) @executable_path/Frameworks @loader_path/Frameworks";
				PRODUCT_NAME = "$(TARGET_NAME)";
				TEST_HOST = "$(BUILT_PRODUCTS_DIR)/GestureTutorial.app/GestureTutorial";
			};
			name = Debug;
		};
		3FC2E5091A6C2988009BDFDC /* Release */ = {
			isa = XCBuildConfiguration;
			buildSettings = {
				BUNDLE_LOADER = "$(TEST_HOST)";
				FRAMEWORK_SEARCH_PATHS = (
					"$(SDKROOT)/Developer/Library/Frameworks",
					"$(inherited)",
				);
				INFOPLIST_FILE = GestureTutorialTests/Info.plist;
				LD_RUNPATH_SEARCH_PATHS = "$(inherited) @executable_path/Frameworks @loader_path/Frameworks";
				PRODUCT_NAME = "$(TARGET_NAME)";
				TEST_HOST = "$(BUILT_PRODUCTS_DIR)/GestureTutorial.app/GestureTutorial";
			};
			name = Release;
		};
/* End XCBuildConfiguration section */

/* Begin XCConfigurationList section */
		3FC2E4E01A6C2988009BDFDC /* Build configuration list for PBXProject "GestureTutorial" */ = {
			isa = XCConfigurationList;
			buildConfigurations = (
				3FC2E5021A6C2988009BDFDC /* Debug */,
				3FC2E5031A6C2988009BDFDC /* Release */,
			);
			defaultConfigurationIsVisible = 0;
			defaultConfigurationName = Release;
		};
		3FC2E5041A6C2988009BDFDC /* Build configuration list for PBXNativeTarget "GestureTutorial" */ = {
			isa = XCConfigurationList;
			buildConfigurations = (
				3FC2E5051A6C2988009BDFDC /* Debug */,
				3FC2E5061A6C2988009BDFDC /* Release */,
			);
			defaultConfigurationIsVisible = 0;
			defaultConfigurationName = Release;
		};
		3FC2E5071A6C2988009BDFDC /* Build configuration list for PBXNativeTarget "GestureTutorialTests" */ = {
			isa = XCConfigurationList;
			buildConfigurations = (
				3FC2E5081A6C2988009BDFDC /* Debug */,
				3FC2E5091A6C2988009BDFDC /* Release */,
			);
			defaultConfigurationIsVisible = 0;
			defaultConfigurationName = Release;
		};
/* End XCConfigurationList section */
	};
	rootObject = 3FC2E4DD1A6C2988009BDFDC /* Project object */;
}
